
Microsoft Visual Studio Solution File, Format Version 12.00
# Visual Studio Version 17
VisualStudioVersion = 17.1.32210.238
MinimumVisualStudioVersion = 10.0.40219.1
Project("{FAE04EC0-301F-11D3-BF4B-00C04F79EFBC}") = "DataBase", "DataBase.csproj", "{0AB57F26-1804-4FB8-8DB5-D1EFAFD96D24}"
EndProject
Global
	GlobalSection(SolutionConfigurationPlatforms) = preSolution
		Debug|Any CPU = Debug|Any CPU
		Release|Any CPU = Release|Any CPU
	EndGlobalSection
	GlobalSection(ProjectConfigurationPlatforms) = postSolution
		{0AB57F26-1804-4FB8-8DB5-D1EFAFD96D24}.Debug|Any CPU.ActiveCfg = Debug|Any CPU
		{0AB57F26-1804-4FB8-8DB5-D1EFAFD96D24}.Debug|Any CPU.Build.0 = Debug|Any CPU
		{0AB57F26-1804-4FB8-8DB5-D1EFAFD96D24}.Release|Any CPU.ActiveCfg = Release|Any CPU
		{0AB57F26-1804-4FB8-8DB5-D1EFAFD96D24}.Release|Any CPU.Build.0 = Release|Any CPU
	EndGlobalSection
	GlobalSection(SolutionProperties) = preSolution
		HideSolutionNode = FALSE
	EndGlobalSection
	GlobalSection(ExtensibilityGlobals) = postSolution
		SolutionGuid = {486EC9E3-D1DA-493B-8724-3E3A94659BB5}
	EndGlobalSection
EndGlobal
